
Microsoft Visual Studio Solution File, Format Version 12.00
# Visual Studio Version 17
VisualStudioVersion = 17.9.34622.214
MinimumVisualStudioVersion = 10.0.40219.1
Project("{FAE04EC0-301F-11D3-BF4B-00C04F79EFBC}") = "FileContainSameData (For Excel File)", "FileContainSameData (For Excel File)\FileContainSameData (For Excel File).csproj", "{E4679212-0B34-4F60-9AB1-D632AE8B6789}"
EndProject
Global
	GlobalSection(SolutionConfigurationPlatforms) = preSolution
		Debug|Any CPU = Debug|Any CPU
		Release|Any CPU = Release|Any CPU
	EndGlobalSection
	GlobalSection(ProjectConfigurationPlatforms) = postSolution
		{E4679212-0B34-4F60-9AB1-D632AE8B6789}.Debug|Any CPU.ActiveCfg = Debug|Any CPU
		{E4679212-0B34-4F60-9AB1-D632AE8B6789}.Debug|Any CPU.Build.0 = Debug|Any CPU
		{E4679212-0B34-4F60-9AB1-D632AE8B6789}.Release|Any CPU.ActiveCfg = Release|Any CPU
		{E4679212-0B34-4F60-9AB1-D632AE8B6789}.Release|Any CPU.Build.0 = Release|Any CPU
	EndGlobalSection
	GlobalSection(SolutionProperties) = preSolution
		HideSolutionNode = FALSE
	EndGlobalSection
	GlobalSection(ExtensibilityGlobals) = postSolution
		SolutionGuid = {391510D2-F46E-47B2-951F-FEA56F3DA4D8}
	EndGlobalSection
EndGlobal
